
Microsoft Visual Studio Solution File, Format Version 12.00
# Visual Studio Version 17
VisualStudioVersion = 17.10.35013.160
MinimumVisualStudioVersion = 10.0.40219.1
Project("{F184B08F-C81C-45F6-A57F-5ABD9991F28F}") = "CapitalisationFixerProject", "CapitalisationFixerProject.vbproj", "{E4E591FC-3300-4579-A694-190232D79423}"
EndProject
Global
	GlobalSection(SolutionConfigurationPlatforms) = preSolution
		Debug|Any CPU = Debug|Any CPU
		Release|Any CPU = Release|Any CPU
	EndGlobalSection
	GlobalSection(ProjectConfigurationPlatforms) = postSolution
		{E4E591FC-3300-4579-A694-190232D79423}.Debug|Any CPU.ActiveCfg = Debug|Any CPU
		{E4E591FC-3300-4579-A694-190232D79423}.Debug|Any CPU.Build.0 = Debug|Any CPU
		{E4E591FC-3300-4579-A694-190232D79423}.Release|Any CPU.ActiveCfg = Release|Any CPU
		{E4E591FC-3300-4579-A694-190232D79423}.Release|Any CPU.Build.0 = Release|Any CPU
	EndGlobalSection
	GlobalSection(SolutionProperties) = preSolution
		HideSolutionNode = FALSE
	EndGlobalSection
	GlobalSection(ExtensibilityGlobals) = postSolution
		SolutionGuid = {A8AA91F3-9843-438D-A59D-24C0A7F7F4BF}
	EndGlobalSection
EndGlobal
